
Microsoft Visual Studio Solution File, Format Version 12.00
# Visual Studio Version 17
VisualStudioVersion = 17.14.36930.0 d17.14
MinimumVisualStudioVersion = 10.0.40219.1
Project("{FAE04EC0-301F-11D3-BF4B-00C04F79EFBC}") = "CliningCompany", "CliningCompany\CliningCompany.csproj", "{346FB22E-8171-4C0B-852A-712A415A7907}"
EndProject
Global
	GlobalSection(SolutionConfigurationPlatforms) = preSolution
		Debug|Any CPU = Debug|Any CPU
		Release|Any CPU = Release|Any CPU
	EndGlobalSection
	GlobalSection(ProjectConfigurationPlatforms) = postSolution
		{346FB22E-8171-4C0B-852A-712A415A7907}.Debug|Any CPU.ActiveCfg = Debug|Any CPU
		{346FB22E-8171-4C0B-852A-712A415A7907}.Debug|Any CPU.Build.0 = Debug|Any CPU
		{346FB22E-8171-4C0B-852A-712A415A7907}.Release|Any CPU.ActiveCfg = Release|Any CPU
		{346FB22E-8171-4C0B-852A-712A415A7907}.Release|Any CPU.Build.0 = Release|Any CPU
	EndGlobalSection
	GlobalSection(SolutionProperties) = preSolution
		HideSolutionNode = FALSE
	EndGlobalSection
	GlobalSection(ExtensibilityGlobals) = postSolution
		SolutionGuid = {41FC40E3-5234-4A31-AADA-5F4718848CDE}
	EndGlobalSection
EndGlobal
